# This file is automatically @generated by Cargo.
# It is not intended for manual editing.
version = 4

[[package]]
name = "planet-generation-core"
version = "0.1.0"

[[package]]
name = "planet-geometry"
version = "0.1.0"
dependencies = [
 "planet-generation-core",
 "production-runtime",
]

[[package]]
name = "production-runtime"
version = "0.1.0"
